
Microsoft Visual Studio Solution File, Format Version 12.00
# Visual Studio 15
VisualStudioVersion = 15.0.26403.7
MinimumVisualStudioVersion = 10.0.40219.1
Project("{FAE04EC0-301F-11D3-BF4B-00C04F79EFBC}") = "LetKeyword", "LetKeyword\LetKeyword.csproj", "{9DB3D53F-F135-43AF-887C-F340F4750BBD}"
EndProject
Project("{FAE04EC0-301F-11D3-BF4B-00C04F79EFBC}") = "LetKeyword.Tests", "LetKeyword.Tests\LetKeyword.Tests.csproj", "{98ED4119-CF68-46A5-A792-92B7937FC61E}"
EndProject
Global
	GlobalSection(SolutionConfigurationPlatforms) = preSolution
		Debug|Any CPU = Debug|Any CPU
		Release|Any CPU = Release|Any CPU
	EndGlobalSection
	GlobalSection(ProjectConfigurationPlatforms) = postSolution
		{9DB3D53F-F135-43AF-887C-F340F4750BBD}.Debug|Any CPU.ActiveCfg = Debug|Any CPU
		{9DB3D53F-F135-43AF-887C-F340F4750BBD}.Debug|Any CPU.Build.0 = Debug|Any CPU
		{9DB3D53F-F135-43AF-887C-F340F4750BBD}.Release|Any CPU.ActiveCfg = Release|Any CPU
		{9DB3D53F-F135-43AF-887C-F340F4750BBD}.Release|Any CPU.Build.0 = Release|Any CPU
		{98ED4119-CF68-46A5-A792-92B7937FC61E}.Debug|Any CPU.ActiveCfg = Debug|Any CPU
		{98ED4119-CF68-46A5-A792-92B7937FC61E}.Debug|Any CPU.Build.0 = Debug|Any CPU
		{98ED4119-CF68-46A5-A792-92B7937FC61E}.Release|Any CPU.ActiveCfg = Release|Any CPU
		{98ED4119-CF68-46A5-A792-92B7937FC61E}.Release|Any CPU.Build.0 = Release|Any CPU
	EndGlobalSection
	GlobalSection(SolutionProperties) = preSolution
		HideSolutionNode = FALSE
	EndGlobalSection
EndGlobal
