
Microsoft Visual Studio Solution File, Format Version 12.00
# Visual Studio Version 17
VisualStudioVersion = 17.0.31919.166
MinimumVisualStudioVersion = 10.0.40219.1
Project("{FAE04EC0-301F-11D3-BF4B-00C04F79EFBC}") = "AsyncPractice", "AsyncPractice\AsyncPractice.csproj", "{B60791C2-C641-4D76-BAA1-AD4283314727}"
EndProject
Global
	GlobalSection(SolutionConfigurationPlatforms) = preSolution
		Debug|Any CPU = Debug|Any CPU
		Release|Any CPU = Release|Any CPU
	EndGlobalSection
	GlobalSection(ProjectConfigurationPlatforms) = postSolution
		{B60791C2-C641-4D76-BAA1-AD4283314727}.Debug|Any CPU.ActiveCfg = Debug|Any CPU
		{B60791C2-C641-4D76-BAA1-AD4283314727}.Debug|Any CPU.Build.0 = Debug|Any CPU
		{B60791C2-C641-4D76-BAA1-AD4283314727}.Release|Any CPU.ActiveCfg = Release|Any CPU
		{B60791C2-C641-4D76-BAA1-AD4283314727}.Release|Any CPU.Build.0 = Release|Any CPU
	EndGlobalSection
	GlobalSection(SolutionProperties) = preSolution
		HideSolutionNode = FALSE
	EndGlobalSection
	GlobalSection(ExtensibilityGlobals) = postSolution
		SolutionGuid = {47ED072C-6DD9-495B-8761-E8B0DA9BBBBA}
	EndGlobalSection
EndGlobal
