
Microsoft Visual Studio Solution File, Format Version 12.00
# Visual Studio Version 17
VisualStudioVersion = 17.0.31919.166
MinimumVisualStudioVersion = 10.0.40219.1
Project("{FAE04EC0-301F-11D3-BF4B-00C04F79EFBC}") = "ExtensionMethods", "ExtensionMethods\ExtensionMethods.csproj", "{EF990E54-3A1E-4021-882E-9060EE697F5B}"
EndProject
Global
	GlobalSection(SolutionConfigurationPlatforms) = preSolution
		Debug|Any CPU = Debug|Any CPU
		Release|Any CPU = Release|Any CPU
	EndGlobalSection
	GlobalSection(ProjectConfigurationPlatforms) = postSolution
		{EF990E54-3A1E-4021-882E-9060EE697F5B}.Debug|Any CPU.ActiveCfg = Debug|Any CPU
		{EF990E54-3A1E-4021-882E-9060EE697F5B}.Debug|Any CPU.Build.0 = Debug|Any CPU
		{EF990E54-3A1E-4021-882E-9060EE697F5B}.Release|Any CPU.ActiveCfg = Release|Any CPU
		{EF990E54-3A1E-4021-882E-9060EE697F5B}.Release|Any CPU.Build.0 = Release|Any CPU
	EndGlobalSection
	GlobalSection(SolutionProperties) = preSolution
		HideSolutionNode = FALSE
	EndGlobalSection
	GlobalSection(ExtensibilityGlobals) = postSolution
		SolutionGuid = {EB674122-7E86-4EAC-B2BE-5D7F8F579682}
	EndGlobalSection
EndGlobal
